
Microsoft Visual Studio Solution File, Format Version 12.00
# Visual Studio Version 16
VisualStudioVersion = 25.0.1700.2
MinimumVisualStudioVersion = 10.0.40219.1
Project("{FAE04EC0-301F-11D3-BF4B-00C04F79EFBC}") = "Mathematics", "Mathematics\Mathematics.csproj", "{864C1BA0-30AD-424C-8EC3-DE5476555F1D}"
EndProject
Project("{FAE04EC0-301F-11D3-BF4B-00C04F79EFBC}") = "Tests", "Tests\Tests.csproj", "{554150E3-6044-49D6-945A-62735C612262}"
EndProject
Global
	GlobalSection(SolutionConfigurationPlatforms) = preSolution
		Debug|Any CPU = Debug|Any CPU
		Release|Any CPU = Release|Any CPU
	EndGlobalSection
	GlobalSection(ProjectConfigurationPlatforms) = postSolution
		{864C1BA0-30AD-424C-8EC3-DE5476555F1D}.Debug|Any CPU.ActiveCfg = Debug|Any CPU
		{864C1BA0-30AD-424C-8EC3-DE5476555F1D}.Debug|Any CPU.Build.0 = Debug|Any CPU
		{864C1BA0-30AD-424C-8EC3-DE5476555F1D}.Release|Any CPU.ActiveCfg = Release|Any CPU
		{864C1BA0-30AD-424C-8EC3-DE5476555F1D}.Release|Any CPU.Build.0 = Release|Any CPU
		{554150E3-6044-49D6-945A-62735C612262}.Debug|Any CPU.ActiveCfg = Debug|Any CPU
		{554150E3-6044-49D6-945A-62735C612262}.Debug|Any CPU.Build.0 = Debug|Any CPU
		{554150E3-6044-49D6-945A-62735C612262}.Release|Any CPU.ActiveCfg = Release|Any CPU
		{554150E3-6044-49D6-945A-62735C612262}.Release|Any CPU.Build.0 = Release|Any CPU
	EndGlobalSection
	GlobalSection(SolutionProperties) = preSolution
		HideSolutionNode = FALSE
	EndGlobalSection
	GlobalSection(ExtensibilityGlobals) = postSolution
		SolutionGuid = {58648DA5-7EC6-4317-817F-0A0E437C4A6B}
	EndGlobalSection
EndGlobal
